
Microsoft Visual Studio Solution File, Format Version 12.00
# Visual Studio Version 16
VisualStudioVersion = 16.0.32428.217
MinimumVisualStudioVersion = 10.0.40219.1
Project("{FAE04EC0-301F-11D3-BF4B-00C04F79EFBC}") = "Console Project", "Console Project\Console Project.csproj", "{44DB9FF5-733B-4793-B357-3B26C41EAB4A}"
EndProject
Global
	GlobalSection(SolutionConfigurationPlatforms) = preSolution
		Debug|Any CPU = Debug|Any CPU
		Release|Any CPU = Release|Any CPU
	EndGlobalSection
	GlobalSection(ProjectConfigurationPlatforms) = postSolution
		{44DB9FF5-733B-4793-B357-3B26C41EAB4A}.Debug|Any CPU.ActiveCfg = Debug|Any CPU
		{44DB9FF5-733B-4793-B357-3B26C41EAB4A}.Debug|Any CPU.Build.0 = Debug|Any CPU
		{44DB9FF5-733B-4793-B357-3B26C41EAB4A}.Release|Any CPU.ActiveCfg = Release|Any CPU
		{44DB9FF5-733B-4793-B357-3B26C41EAB4A}.Release|Any CPU.Build.0 = Release|Any CPU
	EndGlobalSection
	GlobalSection(SolutionProperties) = preSolution
		HideSolutionNode = FALSE
	EndGlobalSection
	GlobalSection(ExtensibilityGlobals) = postSolution
		SolutionGuid = {A95509D8-5E1A-4C69-92EA-6FF6A6142551}
	EndGlobalSection
EndGlobal
